
Microsoft Visual Studio Solution File, Format Version 12.00
# Visual Studio Version 16
VisualStudioVersion = 16.0.30128.74
MinimumVisualStudioVersion = 10.0.40219.1
Project("{FAE04EC0-301F-11D3-BF4B-00C04F79EFBC}") = "类的访问修饰符", "类的访问修饰符.csproj", "{CF46B7C3-96E4-4B15-81F5-74E162726D2D}"
EndProject
Project("{FAE04EC0-301F-11D3-BF4B-00C04F79EFBC}") = "类的访问修饰符2", "..\类的访问修饰符2\类的访问修饰符2.csproj", "{2C38B3C7-4935-4E35-BFD4-02DEAFFDE150}"
EndProject
Global
	GlobalSection(SolutionConfigurationPlatforms) = preSolution
		Debug|Any CPU = Debug|Any CPU
		Release|Any CPU = Release|Any CPU
	EndGlobalSection
	GlobalSection(ProjectConfigurationPlatforms) = postSolution
		{CF46B7C3-96E4-4B15-81F5-74E162726D2D}.Debug|Any CPU.ActiveCfg = Debug|Any CPU
		{CF46B7C3-96E4-4B15-81F5-74E162726D2D}.Debug|Any CPU.Build.0 = Debug|Any CPU
		{CF46B7C3-96E4-4B15-81F5-74E162726D2D}.Release|Any CPU.ActiveCfg = Release|Any CPU
		{CF46B7C3-96E4-4B15-81F5-74E162726D2D}.Release|Any CPU.Build.0 = Release|Any CPU
		{2C38B3C7-4935-4E35-BFD4-02DEAFFDE150}.Debug|Any CPU.ActiveCfg = Debug|Any CPU
		{2C38B3C7-4935-4E35-BFD4-02DEAFFDE150}.Debug|Any CPU.Build.0 = Debug|Any CPU
		{2C38B3C7-4935-4E35-BFD4-02DEAFFDE150}.Release|Any CPU.ActiveCfg = Release|Any CPU
		{2C38B3C7-4935-4E35-BFD4-02DEAFFDE150}.Release|Any CPU.Build.0 = Release|Any CPU
	EndGlobalSection
	GlobalSection(SolutionProperties) = preSolution
		HideSolutionNode = FALSE
	EndGlobalSection
	GlobalSection(ExtensibilityGlobals) = postSolution
		SolutionGuid = {0C5465B7-25B9-4C77-B720-10B29B3DE41E}
	EndGlobalSection
EndGlobal
