
Microsoft Visual Studio Solution File, Format Version 12.00
# Visual Studio Version 16
VisualStudioVersion = 16.0.30128.74
MinimumVisualStudioVersion = 10.0.40219.1
Project("{FAE04EC0-301F-11D3-BF4B-00C04F79EFBC}") = "JavaScript练习", "JavaScript练习.csproj", "{A068C431-D1C9-491D-BAAF-5682C3835C30}"
EndProject
Global
	GlobalSection(SolutionConfigurationPlatforms) = preSolution
		Debug|Any CPU = Debug|Any CPU
		Release|Any CPU = Release|Any CPU
	EndGlobalSection
	GlobalSection(ProjectConfigurationPlatforms) = postSolution
		{A068C431-D1C9-491D-BAAF-5682C3835C30}.Debug|Any CPU.ActiveCfg = Debug|Any CPU
		{A068C431-D1C9-491D-BAAF-5682C3835C30}.Debug|Any CPU.Build.0 = Debug|Any CPU
		{A068C431-D1C9-491D-BAAF-5682C3835C30}.Release|Any CPU.ActiveCfg = Release|Any CPU
		{A068C431-D1C9-491D-BAAF-5682C3835C30}.Release|Any CPU.Build.0 = Release|Any CPU
	EndGlobalSection
	GlobalSection(SolutionProperties) = preSolution
		HideSolutionNode = FALSE
	EndGlobalSection
	GlobalSection(ExtensibilityGlobals) = postSolution
		SolutionGuid = {E42A87F6-0AFB-49CD-B8BE-DE17888E8D3A}
	EndGlobalSection
EndGlobal
