
Microsoft Visual Studio Solution File, Format Version 12.00
# Visual Studio Version 16
VisualStudioVersion = 16.0.30114.105
MinimumVisualStudioVersion = 10.0.40219.1
Project("{FAE04EC0-301F-11D3-BF4B-00C04F79EFBC}") = "WindowsForms_Button", "WindowsForms_Button.csproj", "{8749FEE7-71F6-4845-80CE-D32C632A4BDC}"
EndProject
Global
	GlobalSection(SolutionConfigurationPlatforms) = preSolution
		Debug|Any CPU = Debug|Any CPU
		Release|Any CPU = Release|Any CPU
	EndGlobalSection
	GlobalSection(ProjectConfigurationPlatforms) = postSolution
		{8749FEE7-71F6-4845-80CE-D32C632A4BDC}.Debug|Any CPU.ActiveCfg = Debug|Any CPU
		{8749FEE7-71F6-4845-80CE-D32C632A4BDC}.Debug|Any CPU.Build.0 = Debug|Any CPU
		{8749FEE7-71F6-4845-80CE-D32C632A4BDC}.Release|Any CPU.ActiveCfg = Release|Any CPU
		{8749FEE7-71F6-4845-80CE-D32C632A4BDC}.Release|Any CPU.Build.0 = Release|Any CPU
	EndGlobalSection
	GlobalSection(SolutionProperties) = preSolution
		HideSolutionNode = FALSE
	EndGlobalSection
	GlobalSection(ExtensibilityGlobals) = postSolution
		SolutionGuid = {23115BC4-D28F-45EA-A2AA-F7C5A49F7464}
	EndGlobalSection
EndGlobal
