
Microsoft Visual Studio Solution File, Format Version 12.00
# Visual Studio Version 17
VisualStudioVersion = 17.4.33122.133
MinimumVisualStudioVersion = 10.0.40219.1
Project("{FAE04EC0-301F-11D3-BF4B-00C04F79EFBC}") = "LeetCode", "LeetCode\LeetCode.csproj", "{35151D1A-3665-4A31-91E5-BA60F0E10FB0}"
EndProject
Global
	GlobalSection(SolutionConfigurationPlatforms) = preSolution
		Debug|Any CPU = Debug|Any CPU
		Release|Any CPU = Release|Any CPU
	EndGlobalSection
	GlobalSection(ProjectConfigurationPlatforms) = postSolution
		{35151D1A-3665-4A31-91E5-BA60F0E10FB0}.Debug|Any CPU.ActiveCfg = Debug|Any CPU
		{35151D1A-3665-4A31-91E5-BA60F0E10FB0}.Debug|Any CPU.Build.0 = Debug|Any CPU
		{35151D1A-3665-4A31-91E5-BA60F0E10FB0}.Release|Any CPU.ActiveCfg = Release|Any CPU
		{35151D1A-3665-4A31-91E5-BA60F0E10FB0}.Release|Any CPU.Build.0 = Release|Any CPU
	EndGlobalSection
	GlobalSection(SolutionProperties) = preSolution
		HideSolutionNode = FALSE
	EndGlobalSection
	GlobalSection(ExtensibilityGlobals) = postSolution
		SolutionGuid = {FFAA2CB6-8C5F-4666-A452-8AAF464871A3}
	EndGlobalSection
EndGlobal
